
Microsoft Visual Studio Solution File, Format Version 12.00
# Visual Studio Version 16
VisualStudioVersion = 16.0.31605.320
MinimumVisualStudioVersion = 10.0.40219.1
Project("{FAE04EC0-301F-11D3-BF4B-00C04F79EFBC}") = "Shop.Admin", "Shop.Admin\Shop.Admin.csproj", "{A899B9D9-782B-4CB3-AABF-8F17013C1A6C}"
EndProject
Project("{FAE04EC0-301F-11D3-BF4B-00C04F79EFBC}") = "Shop.Web", "Shop.Web\Shop.Web.csproj", "{9B841CCF-0475-4D42-A047-D40990C2ACC0}"
EndProject
Project("{FAE04EC0-301F-11D3-BF4B-00C04F79EFBC}") = "Shop.Api", "Shop.Api\Shop.Api.csproj", "{47945206-2C70-4328-BF2E-8C190D72AF31}"
EndProject
Project("{FAE04EC0-301F-11D3-BF4B-00C04F79EFBC}") = "Shop.Logic", "Shop.Logic\Shop.Logic.csproj", "{A964A886-6B44-4C93-9AAC-44B653CC0682}"
EndProject
Project("{FAE04EC0-301F-11D3-BF4B-00C04F79EFBC}") = "Shop.DataModels", "Shop.DataModels\Shop.DataModels.csproj", "{D038354D-E1CB-4885-8BB7-356F710338C1}"
EndProject
Global
	GlobalSection(SolutionConfigurationPlatforms) = preSolution
		Debug|Any CPU = Debug|Any CPU
		Release|Any CPU = Release|Any CPU
	EndGlobalSection
	GlobalSection(ProjectConfigurationPlatforms) = postSolution
		{A899B9D9-782B-4CB3-AABF-8F17013C1A6C}.Debug|Any CPU.ActiveCfg = Debug|Any CPU
		{A899B9D9-782B-4CB3-AABF-8F17013C1A6C}.Debug|Any CPU.Build.0 = Debug|Any CPU
		{A899B9D9-782B-4CB3-AABF-8F17013C1A6C}.Release|Any CPU.ActiveCfg = Release|Any CPU
		{A899B9D9-782B-4CB3-AABF-8F17013C1A6C}.Release|Any CPU.Build.0 = Release|Any CPU
		{9B841CCF-0475-4D42-A047-D40990C2ACC0}.Debug|Any CPU.ActiveCfg = Debug|Any CPU
		{9B841CCF-0475-4D42-A047-D40990C2ACC0}.Debug|Any CPU.Build.0 = Debug|Any CPU
		{9B841CCF-0475-4D42-A047-D40990C2ACC0}.Release|Any CPU.ActiveCfg = Release|Any CPU
		{9B841CCF-0475-4D42-A047-D40990C2ACC0}.Release|Any CPU.Build.0 = Release|Any CPU
		{47945206-2C70-4328-BF2E-8C190D72AF31}.Debug|Any CPU.ActiveCfg = Debug|Any CPU
		{47945206-2C70-4328-BF2E-8C190D72AF31}.Debug|Any CPU.Build.0 = Debug|Any CPU
		{47945206-2C70-4328-BF2E-8C190D72AF31}.Release|Any CPU.ActiveCfg = Release|Any CPU
		{47945206-2C70-4328-BF2E-8C190D72AF31}.Release|Any CPU.Build.0 = Release|Any CPU
		{A964A886-6B44-4C93-9AAC-44B653CC0682}.Debug|Any CPU.ActiveCfg = Debug|Any CPU
		{A964A886-6B44-4C93-9AAC-44B653CC0682}.Debug|Any CPU.Build.0 = Debug|Any CPU
		{A964A886-6B44-4C93-9AAC-44B653CC0682}.Release|Any CPU.ActiveCfg = Release|Any CPU
		{A964A886-6B44-4C93-9AAC-44B653CC0682}.Release|Any CPU.Build.0 = Release|Any CPU
		{D038354D-E1CB-4885-8BB7-356F710338C1}.Debug|Any CPU.ActiveCfg = Debug|Any CPU
		{D038354D-E1CB-4885-8BB7-356F710338C1}.Debug|Any CPU.Build.0 = Debug|Any CPU
		{D038354D-E1CB-4885-8BB7-356F710338C1}.Release|Any CPU.ActiveCfg = Release|Any CPU
		{D038354D-E1CB-4885-8BB7-356F710338C1}.Release|Any CPU.Build.0 = Release|Any CPU
	EndGlobalSection
	GlobalSection(SolutionProperties) = preSolution
		HideSolutionNode = FALSE
	EndGlobalSection
	GlobalSection(ExtensibilityGlobals) = postSolution
		SolutionGuid = {AEFCD620-5D6E-4BD8-9EB6-7D54D971809F}
	EndGlobalSection
EndGlobal
